
Microsoft Visual Studio Solution File, Format Version 12.00
# Visual Studio Version 17
VisualStudioVersion = 17.4.33213.308
MinimumVisualStudioVersion = 10.0.40219.1
Project("{FAE04EC0-301F-11D3-BF4B-00C04F79EFBC}") = "PDC03_MODULE02.Android", "PDC03_MODULE02\PDC03_MODULE02.Android\PDC03_MODULE02.Android.csproj", "{7D0718AA-6571-4FE7-8C9D-9253D7E91F20}"
EndProject
Project("{FAE04EC0-301F-11D3-BF4B-00C04F79EFBC}") = "PDC03_MODULE02.iOS", "PDC03_MODULE02\PDC03_MODULE02.iOS\PDC03_MODULE02.iOS.csproj", "{0DF7FB2B-40F4-4D3A-AF3C-A4FD0AF35ECF}"
EndProject
Project("{FAE04EC0-301F-11D3-BF4B-00C04F79EFBC}") = "PDC03_MODULE02", "PDC03_MODULE02\PDC03_MODULE02\PDC03_MODULE02.csproj", "{24246C98-58F2-434A-BC46-B37793A8658F}"
EndProject
Global
	GlobalSection(SolutionConfigurationPlatforms) = preSolution
		Debug|Any CPU = Debug|Any CPU
		Debug|iPhone = Debug|iPhone
		Debug|iPhoneSimulator = Debug|iPhoneSimulator
		Release|Any CPU = Release|Any CPU
		Release|iPhone = Release|iPhone
		Release|iPhoneSimulator = Release|iPhoneSimulator
	EndGlobalSection
	GlobalSection(ProjectConfigurationPlatforms) = postSolution
		{7D0718AA-6571-4FE7-8C9D-9253D7E91F20}.Debug|Any CPU.ActiveCfg = Debug|Any CPU
		{7D0718AA-6571-4FE7-8C9D-9253D7E91F20}.Debug|Any CPU.Build.0 = Debug|Any CPU
		{7D0718AA-6571-4FE7-8C9D-9253D7E91F20}.Debug|Any CPU.Deploy.0 = Debug|Any CPU
		{7D0718AA-6571-4FE7-8C9D-9253D7E91F20}.Debug|iPhone.ActiveCfg = Debug|Any CPU
		{7D0718AA-6571-4FE7-8C9D-9253D7E91F20}.Debug|iPhone.Build.0 = Debug|Any CPU
		{7D0718AA-6571-4FE7-8C9D-9253D7E91F20}.Debug|iPhone.Deploy.0 = Debug|Any CPU
		{7D0718AA-6571-4FE7-8C9D-9253D7E91F20}.Debug|iPhoneSimulator.ActiveCfg = Debug|Any CPU
		{7D0718AA-6571-4FE7-8C9D-9253D7E91F20}.Debug|iPhoneSimulator.Build.0 = Debug|Any CPU
		{7D0718AA-6571-4FE7-8C9D-9253D7E91F20}.Debug|iPhoneSimulator.Deploy.0 = Debug|Any CPU
		{7D0718AA-6571-4FE7-8C9D-9253D7E91F20}.Release|Any CPU.ActiveCfg = Release|Any CPU
		{7D0718AA-6571-4FE7-8C9D-9253D7E91F20}.Release|Any CPU.Build.0 = Release|Any CPU
		{7D0718AA-6571-4FE7-8C9D-9253D7E91F20}.Release|Any CPU.Deploy.0 = Release|Any CPU
		{7D0718AA-6571-4FE7-8C9D-9253D7E91F20}.Release|iPhone.ActiveCfg = Release|Any CPU
		{7D0718AA-6571-4FE7-8C9D-9253D7E91F20}.Release|iPhone.Build.0 = Release|Any CPU
		{7D0718AA-6571-4FE7-8C9D-9253D7E91F20}.Release|iPhone.Deploy.0 = Release|Any CPU
		{7D0718AA-6571-4FE7-8C9D-9253D7E91F20}.Release|iPhoneSimulator.ActiveCfg = Release|Any CPU
		{7D0718AA-6571-4FE7-8C9D-9253D7E91F20}.Release|iPhoneSimulator.Build.0 = Release|Any CPU
		{7D0718AA-6571-4FE7-8C9D-9253D7E91F20}.Release|iPhoneSimulator.Deploy.0 = Release|Any CPU
		{0DF7FB2B-40F4-4D3A-AF3C-A4FD0AF35ECF}.Debug|Any CPU.ActiveCfg = Debug|iPhone
		{0DF7FB2B-40F4-4D3A-AF3C-A4FD0AF35ECF}.Debug|Any CPU.Build.0 = Debug|iPhone
		{0DF7FB2B-40F4-4D3A-AF3C-A4FD0AF35ECF}.Debug|Any CPU.Deploy.0 = Debug|iPhone
		{0DF7FB2B-40F4-4D3A-AF3C-A4FD0AF35ECF}.Debug|iPhone.ActiveCfg = Debug|iPhone
		{0DF7FB2B-40F4-4D3A-AF3C-A4FD0AF35ECF}.Debug|iPhone.Build.0 = Debug|iPhone
		{0DF7FB2B-40F4-4D3A-AF3C-A4FD0AF35ECF}.Debug|iPhone.Deploy.0 = Debug|iPhone
		{0DF7FB2B-40F4-4D3A-AF3C-A4FD0AF35ECF}.Debug|iPhoneSimulator.ActiveCfg = Debug|iPhoneSimulator
		{0DF7FB2B-40F4-4D3A-AF3C-A4FD0AF35ECF}.Debug|iPhoneSimulator.Build.0 = Debug|iPhoneSimulator
		{0DF7FB2B-40F4-4D3A-AF3C-A4FD0AF35ECF}.Debug|iPhoneSimulator.Deploy.0 = Debug|iPhoneSimulator
		{0DF7FB2B-40F4-4D3A-AF3C-A4FD0AF35ECF}.Release|Any CPU.ActiveCfg = Release|iPhoneSimulator
		{0DF7FB2B-40F4-4D3A-AF3C-A4FD0AF35ECF}.Release|Any CPU.Build.0 = Release|iPhoneSimulator
		{0DF7FB2B-40F4-4D3A-AF3C-A4FD0AF35ECF}.Release|Any CPU.Deploy.0 = Release|iPhoneSimulator
		{0DF7FB2B-40F4-4D3A-AF3C-A4FD0AF35ECF}.Release|iPhone.ActiveCfg = Release|iPhone
		{0DF7FB2B-40F4-4D3A-AF3C-A4FD0AF35ECF}.Release|iPhone.Build.0 = Release|iPhone
		{0DF7FB2B-40F4-4D3A-AF3C-A4FD0AF35ECF}.Release|iPhone.Deploy.0 = Release|iPhone
		{0DF7FB2B-40F4-4D3A-AF3C-A4FD0AF35ECF}.Release|iPhoneSimulator.ActiveCfg = Release|iPhoneSimulator
		{0DF7FB2B-40F4-4D3A-AF3C-A4FD0AF35ECF}.Release|iPhoneSimulator.Build.0 = Release|iPhoneSimulator
		{0DF7FB2B-40F4-4D3A-AF3C-A4FD0AF35ECF}.Release|iPhoneSimulator.Deploy.0 = Release|iPhoneSimulator
		{24246C98-58F2-434A-BC46-B37793A8658F}.Debug|Any CPU.ActiveCfg = Debug|Any CPU
		{24246C98-58F2-434A-BC46-B37793A8658F}.Debug|Any CPU.Build.0 = Debug|Any CPU
		{24246C98-58F2-434A-BC46-B37793A8658F}.Debug|Any CPU.Deploy.0 = Debug|Any CPU
		{24246C98-58F2-434A-BC46-B37793A8658F}.Debug|iPhone.ActiveCfg = Debug|Any CPU
		{24246C98-58F2-434A-BC46-B37793A8658F}.Debug|iPhone.Build.0 = Debug|Any CPU
		{24246C98-58F2-434A-BC46-B37793A8658F}.Debug|iPhone.Deploy.0 = Debug|Any CPU
		{24246C98-58F2-434A-BC46-B37793A8658F}.Debug|iPhoneSimulator.ActiveCfg = Debug|Any CPU
		{24246C98-58F2-434A-BC46-B37793A8658F}.Debug|iPhoneSimulator.Build.0 = Debug|Any CPU
		{24246C98-58F2-434A-BC46-B37793A8658F}.Debug|iPhoneSimulator.Deploy.0 = Debug|Any CPU
		{24246C98-58F2-434A-BC46-B37793A8658F}.Release|Any CPU.ActiveCfg = Release|Any CPU
		{24246C98-58F2-434A-BC46-B37793A8658F}.Release|Any CPU.Build.0 = Release|Any CPU
		{24246C98-58F2-434A-BC46-B37793A8658F}.Release|Any CPU.Deploy.0 = Release|Any CPU
		{24246C98-58F2-434A-BC46-B37793A8658F}.Release|iPhone.ActiveCfg = Release|Any CPU
		{24246C98-58F2-434A-BC46-B37793A8658F}.Release|iPhone.Build.0 = Release|Any CPU
		{24246C98-58F2-434A-BC46-B37793A8658F}.Release|iPhone.Deploy.0 = Release|Any CPU
		{24246C98-58F2-434A-BC46-B37793A8658F}.Release|iPhoneSimulator.ActiveCfg = Release|Any CPU
		{24246C98-58F2-434A-BC46-B37793A8658F}.Release|iPhoneSimulator.Build.0 = Release|Any CPU
		{24246C98-58F2-434A-BC46-B37793A8658F}.Release|iPhoneSimulator.Deploy.0 = Release|Any CPU
	EndGlobalSection
	GlobalSection(SolutionProperties) = preSolution
		HideSolutionNode = FALSE
	EndGlobalSection
	GlobalSection(ExtensibilityGlobals) = postSolution
		SolutionGuid = {2461C22C-0404-440B-9645-3D21D610D269}
	EndGlobalSection
EndGlobal
